
Microsoft Visual Studio Solution File, Format Version 12.00
# Visual Studio Version 16
VisualStudioVersion = 16.0.30804.86
MinimumVisualStudioVersion = 10.0.40219.1
Project("{FAE04EC0-301F-11D3-BF4B-00C04F79EFBC}") = "DapperExample", "DapperExample\DapperExample.csproj", "{BBDB2B4D-6D77-445C-86ED-6EBCB36EDD07}"
EndProject
Global
	GlobalSection(SolutionConfigurationPlatforms) = preSolution
		Debug|Any CPU = Debug|Any CPU
		Release|Any CPU = Release|Any CPU
	EndGlobalSection
	GlobalSection(ProjectConfigurationPlatforms) = postSolution
		{BBDB2B4D-6D77-445C-86ED-6EBCB36EDD07}.Debug|Any CPU.ActiveCfg = Debug|Any CPU
		{BBDB2B4D-6D77-445C-86ED-6EBCB36EDD07}.Debug|Any CPU.Build.0 = Debug|Any CPU
		{BBDB2B4D-6D77-445C-86ED-6EBCB36EDD07}.Release|Any CPU.ActiveCfg = Release|Any CPU
		{BBDB2B4D-6D77-445C-86ED-6EBCB36EDD07}.Release|Any CPU.Build.0 = Release|Any CPU
	EndGlobalSection
	GlobalSection(SolutionProperties) = preSolution
		HideSolutionNode = FALSE
	EndGlobalSection
	GlobalSection(ExtensibilityGlobals) = postSolution
		SolutionGuid = {0571AF8A-F9AF-4C9F-AD55-F7AD3F020B60}
	EndGlobalSection
EndGlobal
